// !$*UTF8*$!
{
	archiveVersion = 1;
	classes = {
	};
	objectVersion = 50;
	objects = {

/* Begin PBXBuildFile section */
		E504038B2229E4EF0035750B /* AppDelegate.swift in Sources */ = {isa = PBXBuildFile; fileRef = E504038A2229E4EF0035750B /* AppDelegate.swift */; };
		E504038D2229E4EF0035750B /* ViewController.swift in Sources */ = {isa = PBXBuildFile; fileRef = E504038C2229E4EF0035750B /* ViewController.swift */; };
		E50403902229E4EF0035750B /* Main.storyboard in Resources */ = {isa = PBXBuildFile; fileRef = E504038E2229E4EF0035750B /* Main.storyboard */; };
		E50403922229E4F00035750B /* Assets.xcassets in Resources */ = {isa = PBXBuildFile; fileRef = E50403912229E4F00035750B /* Assets.xcassets */; };
		E50403952229E4F00035750B /* LaunchScreen.storyboard in Resources */ = {isa = PBXBuildFile; fileRef = E50403932229E4F00035750B /* LaunchScreen.storyboard */; };
		E536CBCC222A99B200717611 /* CompaniesResponse.swift in Sources */ = {isa = PBXBuildFile; fileRef = E536CBCB222A99B200717611 /* CompaniesResponse.swift */; };
		E536CBCE222AB50300717611 /* User.swift in Sources */ = {isa = PBXBuildFile; fileRef = E536CBCD222AB50300717611 /* User.swift */; };
/* End PBXBuildFile section */

/* Begin PBXFileReference section */
		E50403872229E4EF0035750B /* iOSNetworking.app */ = {isa = PBXFileReference; explicitFileType = wrapper.application; includeInIndex = 0; path = iOSNetworking.app; sourceTree = BUILT_PRODUCTS_DIR; };
		E504038A2229E4EF0035750B /* AppDelegate.swift */ = {isa = PBXFileReference; lastKnownFileType = sourcecode.swift; path = AppDelegate.swift; sourceTree = "<group>"; };
		E504038C2229E4EF0035750B /* ViewController.swift */ = {isa = PBXFileReference; lastKnownFileType = sourcecode.swift; path = ViewController.swift; sourceTree = "<group>"; };
		E504038F2229E4EF0035750B /* Base */ = {isa = PBXFileReference; lastKnownFileType = file.storyboard; name = Base; path = Base.lproj/Main.storyboard; sourceTree = "<group>"; };
		E50403912229E4F00035750B /* Assets.xcassets */ = {isa = PBXFileReference; lastKnownFileType = folder.assetcatalog; path = Assets.xcassets; sourceTree = "<group>"; };
		E50403942229E4F00035750B /* Base */ = {isa = PBXFileReference; lastKnownFileType = file.storyboard; name = Base; path = Base.lproj/LaunchScreen.storyboard; sourceTree = "<group>"; };
		E50403962229E4F00035750B /* Info.plist */ = {isa = PBXFileReference; lastKnownFileType = text.plist.xml; path = Info.plist; sourceTree = "<group>"; };
		E536CBCB222A99B200717611 /* CompaniesResponse.swift */ = {isa = PBXFileReference; lastKnownFileType = sourcecode.swift; path = CompaniesResponse.swift; sourceTree = "<group>"; };
		E536CBCD222AB50300717611 /* User.swift */ = {isa = PBXFileReference; lastKnownFileType = sourcecode.swift; path = User.swift; sourceTree = "<group>"; };
/* End PBXFileReference section */

/* Begin PBXFrameworksBuildPhase section */
		E50403842229E4EF0035750B /* Frameworks */ = {
			isa = PBXFrameworksBuildPhase;
			buildActionMask = 2147483647;
			files = (
			);
			runOnlyForDeploymentPostprocessing = 0;
		};
/* End PBXFrameworksBuildPhase section */

/* Begin PBXGroup section */
		E504037E2229E4EF0035750B = {
			isa = PBXGroup;
			children = (
				E50403892229E4EF0035750B /* iOSNetworking */,
				E50403882229E4EF0035750B /* Products */,
			);
			sourceTree = "<group>";
		};
		E50403882229E4EF0035750B /* Products */ = {
			isa = PBXGroup;
			children = (
				E50403872229E4EF0035750B /* iOSNetworking.app */,
			);
			name = Products;
			sourceTree = "<group>";
		};
		E50403892229E4EF0035750B /* iOSNetworking */ = {
			isa = PBXGroup;
			children = (
				E504038A2229E4EF0035750B /* AppDelegate.swift */,
				E504038C2229E4EF0035750B /* ViewController.swift */,
				E504038E2229E4EF0035750B /* Main.storyboard */,
				E50403912229E4F00035750B /* Assets.xcassets */,
				E50403932229E4F00035750B /* LaunchScreen.storyboard */,
				E50403962229E4F00035750B /* Info.plist */,
				E536CBCB222A99B200717611 /* CompaniesResponse.swift */,
				E536CBCD222AB50300717611 /* User.swift */,
			);
			path = iOSNetworking;
			sourceTree = "<group>";
		};
/* End PBXGroup section */

/* Begin PBXNativeTarget section */
		E50403862229E4EF0035750B /* iOSNetworking */ = {
			isa = PBXNativeTarget;
			buildConfigurationList = E50403992229E4F00035750B /* Build configuration list for PBXNativeTarget "iOSNetworking" */;
			buildPhases = (
				E50403832229E4EF0035750B /* Sources */,
				E50403842229E4EF0035750B /* Frameworks */,
				E50403852229E4EF0035750B /* Resources */,
			);
			buildRules = (
			);
			dependencies = (
			);
			name = iOSNetworking;
			productName = iOSNetworking;
			productReference = E50403872229E4EF0035750B /* iOSNetworking.app */;
			productType = "com.apple.product-type.application";
		};
/* End PBXNativeTarget section */

/* Begin PBXProject section */
		E504037F2229E4EF0035750B /* Project object */ = {
			isa = PBXProject;
			attributes = {
				LastSwiftUpdateCheck = 1010;
				LastUpgradeCheck = 1010;
				ORGANIZATIONNAME = "Naser Mohamed";
				TargetAttributes = {
					E50403862229E4EF0035750B = {
						CreatedOnToolsVersion = 10.1;
					};
				};
			};
			buildConfigurationList = E50403822229E4EF0035750B /* Build configuration list for PBXProject "iOSNetworking" */;
			compatibilityVersion = "Xcode 9.3";
			developmentRegion = en;
			hasScannedForEncodings = 0;
			knownRegions = (
				en,
				Base,
			);
			mainGroup = E504037E2229E4EF0035750B;
			productRefGroup = E50403882229E4EF0035750B /* Products */;
			projectDirPath = "";
			projectRoot = "";
			targets = (
				E50403862229E4EF0035750B /* iOSNetworking */,
			);
		};
/* End PBXProject section */

/* Begin PBXResourcesBuildPhase section */
		E50403852229E4EF0035750B /* Resources */ = {
			isa = PBXResourcesBuildPhase;
			buildActionMask = 2147483647;
			files = (
				E50403952229E4F00035750B /* LaunchScreen.storyboard in Resources */,
				E50403922229E4F00035750B /* Assets.xcassets in Resources */,
				E50403902229E4EF0035750B /* Main.storyboard in Resources */,
			);
			runOnlyForDeploymentPostprocessing = 0;
		};
/* End PBXResourcesBuildPhase section */

/* Begin PBXSourcesBuildPhase section */
		E50403832229E4EF0035750B /* Sources */ = {
			isa = PBXSourcesBuildPhase;
			buildActionMask = 2147483647;
			files = (
				E536CBCC222A99B200717611 /* CompaniesResponse.swift in Sources */,
				E536CBCE222AB50300717611 /* User.swift in Sources */,
				E504038D2229E4EF0035750B /* ViewController.swift in Sources */,
				E504038B2229E4EF0035750B /* AppDelegate.swift in Sources */,
			);
			runOnlyForDeploymentPostprocessing = 0;
		};
/* End PBXSourcesBuildPhase section */

/* Begin PBXVariantGroup section */
		E504038E2229E4EF0035750B /* Main.storyboard */ = {
			isa = PBXVariantGroup;
			children = (
				E504038F2229E4EF0035750B /* Base */,
			);
			name = Main.storyboard;
			sourceTree = "<group>";
		};
		E50403932229E4F00035750B /* LaunchScreen.storyboard */ = {
			isa = PBXVariantGroup;
			children = (
				E50403942229E4F00035750B /* Base */,
			);
			name = LaunchScreen.storyboard;
			sourceTree = "<group>";
		};
/* End PBXVariantGroup section */

/* Begin XCBuildConfiguration section */
		E50403972229E4F00035750B /* Debug */ = {
			isa = XCBuildConfiguration;
			buildSettings = {
				ALWAYS_SEARCH_USER_PATHS = NO;
				CLANG_ANALYZER_NONNULL = YES;
				CLANG_ANALYZER_NUMBER_OBJECT_CONVERSION = YES_AGGRESSIVE;
				CLANG_CXX_LANGUAGE_STANDARD = "gnu++14";
				CLANG_CXX_LIBRARY = "libc++";
				CLANG_ENABLE_MODULES = YES;
				CLANG_ENABLE_OBJC_ARC = YES;
				CLANG_ENABLE_OBJC_WEAK = YES;
				CLANG_WARN_BLOCK_CAPTURE_AUTORELEASING = YES;
				CLANG_WARN_BOOL_CONVERSION = YES;
				CLANG_WARN_COMMA = YES;
				CLANG_WARN_CONSTANT_CONVERSION = YES;
				CLANG_WARN_DEPRECATED_OBJC_IMPLEMENTATIONS = YES;
				CLANG_WARN_DIRECT_OBJC_ISA_USAGE = YES_ERROR;
				CLANG_WARN_DOCUMENTATION_COMMENTS = YES;
				CLANG_WARN_EMPTY_BODY = YES;
				CLANG_WARN_ENUM_CONVERSION = YES;
				CLANG_WARN_INFINITE_RECURSION = YES;
				CLANG_WARN_INT_CONVERSION = YES;
				CLANG_WARN_NON_LITERAL_NULL_CONVERSION = YES;
				CLANG_WARN_OBJC_IMPLICIT_RETAIN_SELF = YES;
				CLANG_WARN_OBJC_LITERAL_CONVERSION = YES;
				CLANG_WARN_OBJC_ROOT_CLASS = YES_ERROR;
				CLANG_WARN_RANGE_LOOP_ANALYSIS = YES;
				CLANG_WARN_STRICT_PROTOTYPES = YES;
				CLANG_WARN_SUSPICIOUS_MOVE = YES;
				CLANG_WARN_UNGUARDED_AVAILABILITY = YES_AGGRESSIVE;
				CLANG_WARN_UNREACHABLE_CODE = YES;
				CLANG_WARN__DUPLICATE_METHOD_MATCH = YES;
				CODE_SIGN_IDENTITY = "iPhone Developer";
				COPY_PHASE_STRIP = NO;
				DEBUG_INFORMATION_FORMAT = dwarf;
				ENABLE_STRICT_OBJC_MSGSEND = YES;
				ENABLE_TESTABILITY = YES;
				GCC_C_LANGUAGE_STANDARD = gnu11;
				GCC_DYNAMIC_NO_PIC = NO;
				GCC_NO_COMMON_BLOCKS = YES;
				GCC_OPTIMIZATION_LEVEL = 0;
				GCC_PREPROCESSOR_DEFINITIONS = (
					"DEBUG=1",
					"$(inherited)",
				);
				GCC_WARN_64_TO_32_BIT_CONVERSION = YES;
				GCC_WARN_ABOUT_RETURN_TYPE = YES_ERROR;
				GCC_WARN_UNDECLARED_SELECTOR = YES;
				GCC_WARN_UNINITIALIZED_AUTOS = YES_AGGRESSIVE;
				GCC_WARN_UNUSED_FUNCTION = YES;
				GCC_WARN_UNUSED_VARIABLE = YES;
				IPHONEOS_DEPLOYMENT_TARGET = 12.1;
				MTL_ENABLE_DEBUG_INFO = INCLUDE_SOURCE;
				MTL_FAST_MATH = YES;
				ONLY_ACTIVE_ARCH = YES;
				SDKROOT = iphoneos;
				SWIFT_ACTIVE_COMPILATION_CONDITIONS = DEBUG;
				SWIFT_OPTIMIZATION_LEVEL = "-Onone";
			};
			name = Debug;
		};
		E50403982229E4F00035750B /* Release */ = {
			isa = XCBuildConfiguration;
			buildSettings = {
				ALWAYS_SEARCH_USER_PATHS = NO;
				CLANG_ANALYZER_NONNULL = YES;
				CLANG_ANALYZER_NUMBER_OBJECT_CONVERSION = YES_AGGRESSIVE;
				CLANG_CXX_LANGUAGE_STANDARD = "gnu++14";
				CLANG_CXX_LIBRARY = "libc++";
				CLANG_ENABLE_MODULES = YES;
				CLANG_ENABLE_OBJC_ARC = YES;
				CLANG_ENABLE_OBJC_WEAK = YES;
				CLANG_WARN_BLOCK_CAPTURE_AUTORELEASING = YES;
				CLANG_WARN_BOOL_CONVERSION = YES;
				CLANG_WARN_COMMA = YES;
				CLANG_WARN_CONSTANT_CONVERSION = YES;
				CLANG_WARN_DEPRECATED_OBJC_IMPLEMENTATIONS = YES;
				CLANG_WARN_DIRECT_OBJC_ISA_USAGE = YES_ERROR;
				CLANG_WARN_DOCUMENTATION_COMMENTS = YES;
				CLANG_WARN_EMPTY_BODY = YES;
				CLANG_WARN_ENUM_CONVERSION = YES;
				CLANG_WARN_INFINITE_RECURSION = YES;
				CLANG_WARN_INT_CONVERSION = YES;
				CLANG_WARN_NON_LITERAL_NULL_CONVERSION = YES;
				CLANG_WARN_OBJC_IMPLICIT_RETAIN_SELF = YES;
				CLANG_WARN_OBJC_LITERAL_CONVERSION = YES;
				CLANG_WARN_OBJC_ROOT_CLASS = YES_ERROR;
				CLANG_WARN_RANGE_LOOP_ANALYSIS = YES;
				CLANG_WARN_STRICT_PROTOTYPES = YES;
				CLANG_WARN_SUSPICIOUS_MOVE = YES;
				CLANG_WARN_UNGUARDED_AVAILABILITY = YES_AGGRESSIVE;
				CLANG_WARN_UNREACHABLE_CODE = YES;
				CLANG_WARN__DUPLICATE_METHOD_MATCH = YES;
				CODE_SIGN_IDENTITY = "iPhone Developer";
				COPY_PHASE_STRIP = NO;
				DEBUG_INFORMATION_FORMAT = "dwarf-with-dsym";
				ENABLE_NS_ASSERTIONS = NO;
				ENABLE_STRICT_OBJC_MSGSEND = YES;
				GCC_C_LANGUAGE_STANDARD = gnu11;
				GCC_NO_COMMON_BLOCKS = YES;
				GCC_WARN_64_TO_32_BIT_CONVERSION = YES;
				GCC_WARN_ABOUT_RETURN_TYPE = YES_ERROR;
				GCC_WARN_UNDECLARED_SELECTOR = YES;
				GCC_WARN_UNINITIALIZED_AUTOS = YES_AGGRESSIVE;
				GCC_WARN_UNUSED_FUNCTION = YES;
				GCC_WARN_UNUSED_VARIABLE = YES;
				IPHONEOS_DEPLOYMENT_TARGET = 12.1;
				MTL_ENABLE_DEBUG_INFO = NO;
				MTL_FAST_MATH = YES;
				SDKROOT = iphoneos;
				SWIFT_COMPILATION_MODE = wholemodule;
				SWIFT_OPTIMIZATION_LEVEL = "-O";
				VALIDATE_PRODUCT = YES;
			};
			name = Release;
		};
		E504039A2229E4F00035750B /* Debug */ = {
			isa = XCBuildConfiguration;
			buildSettings = {
				ASSETCATALOG_COMPILER_APPICON_NAME = AppIcon;
				CODE_SIGN_STYLE = Automatic;
				DEVELOPMENT_TEAM = 28567D2NLG;
				INFOPLIST_FILE = iOSNetworking/Info.plist;
				LD_RUNPATH_SEARCH_PATHS = (
					"$(inherited)",
					"@executable_path/Frameworks",
				);
				PRODUCT_BUNDLE_IDENTIFIER = "Naser-Mohamed.iOSNetworking";
				PRODUCT_NAME = "$(TARGET_NAME)";
				SWIFT_VERSION = 4.2;
				TARGETED_DEVICE_FAMILY = "1,2";
			};
			name = Debug;
		};
		E504039B2229E4F00035750B /* Release */ = {
			isa = XCBuildConfiguration;
			buildSettings = {
				ASSETCATALOG_COMPILER_APPICON_NAME = AppIcon;
				CODE_SIGN_STYLE = Automatic;
				DEVELOPMENT_TEAM = 28567D2NLG;
				INFOPLIST_FILE = iOSNetworking/Info.plist;
				LD_RUNPATH_SEARCH_PATHS = (
					"$(inherited)",
					"@executable_path/Frameworks",
				);
				PRODUCT_BUNDLE_IDENTIFIER = "Naser-Mohamed.iOSNetworking";
				PRODUCT_NAME = "$(TARGET_NAME)";
				SWIFT_VERSION = 4.2;
				TARGETED_DEVICE_FAMILY = "1,2";
			};
			name = Release;
		};
/* End XCBuildConfiguration section */

/* Begin XCConfigurationList section */
		E50403822229E4EF0035750B /* Build configuration list for PBXProject "iOSNetworking" */ = {
			isa = XCConfigurationList;
			buildConfigurations = (
				E50403972229E4F00035750B /* Debug */,
				E50403982229E4F00035750B /* Release */,
			);
			defaultConfigurationIsVisible = 0;
			defaultConfigurationName = Release;
		};
		E50403992229E4F00035750B /* Build configuration list for PBXNativeTarget "iOSNetworking" */ = {
			isa = XCConfigurationList;
			buildConfigurations = (
				E504039A2229E4F00035750B /* Debug */,
				E504039B2229E4F00035750B /* Release */,
			);
			defaultConfigurationIsVisible = 0;
			defaultConfigurationName = Release;
		};
/* End XCConfigurationList section */
	};
	rootObject = E504037F2229E4EF0035750B /* Project object */;
}
